
Microsoft Visual Studio Solution File, Format Version 12.00
# Visual Studio Version 17
VisualStudioVersion = 17.9.34616.47
MinimumVisualStudioVersion = 10.0.40219.1
Project("{FAE04EC0-301F-11D3-BF4B-00C04F79EFBC}") = "Datos", "Datos\Datos.csproj", "{3D8DE687-78FA-4C5F-A16D-EC90EA84FE87}"
EndProject
Project("{FAE04EC0-301F-11D3-BF4B-00C04F79EFBC}") = "Negocio", "Negocio\Negocio.csproj", "{BF313EA3-EAEA-4564-985B-EA9F2AA459FA}"
EndProject
Project("{FAE04EC0-301F-11D3-BF4B-00C04F79EFBC}") = "Presentacion", "Presentacion\Presentacion.csproj", "{D8B91EF8-D678-4FE5-8303-B81389D85723}"
EndProject
Global
	GlobalSection(SolutionConfigurationPlatforms) = preSolution
		Debug|Any CPU = Debug|Any CPU
		Release|Any CPU = Release|Any CPU
	EndGlobalSection
	GlobalSection(ProjectConfigurationPlatforms) = postSolution
		{3D8DE687-78FA-4C5F-A16D-EC90EA84FE87}.Debug|Any CPU.ActiveCfg = Debug|Any CPU
		{3D8DE687-78FA-4C5F-A16D-EC90EA84FE87}.Debug|Any CPU.Build.0 = Debug|Any CPU
		{3D8DE687-78FA-4C5F-A16D-EC90EA84FE87}.Release|Any CPU.ActiveCfg = Release|Any CPU
		{3D8DE687-78FA-4C5F-A16D-EC90EA84FE87}.Release|Any CPU.Build.0 = Release|Any CPU
		{BF313EA3-EAEA-4564-985B-EA9F2AA459FA}.Debug|Any CPU.ActiveCfg = Debug|Any CPU
		{BF313EA3-EAEA-4564-985B-EA9F2AA459FA}.Debug|Any CPU.Build.0 = Debug|Any CPU
		{BF313EA3-EAEA-4564-985B-EA9F2AA459FA}.Release|Any CPU.ActiveCfg = Release|Any CPU
		{BF313EA3-EAEA-4564-985B-EA9F2AA459FA}.Release|Any CPU.Build.0 = Release|Any CPU
		{D8B91EF8-D678-4FE5-8303-B81389D85723}.Debug|Any CPU.ActiveCfg = Debug|Any CPU
		{D8B91EF8-D678-4FE5-8303-B81389D85723}.Debug|Any CPU.Build.0 = Debug|Any CPU
		{D8B91EF8-D678-4FE5-8303-B81389D85723}.Release|Any CPU.ActiveCfg = Release|Any CPU
		{D8B91EF8-D678-4FE5-8303-B81389D85723}.Release|Any CPU.Build.0 = Release|Any CPU
	EndGlobalSection
	GlobalSection(SolutionProperties) = preSolution
		HideSolutionNode = FALSE
	EndGlobalSection
	GlobalSection(ExtensibilityGlobals) = postSolution
		SolutionGuid = {60AD1609-F3B5-4A14-8263-D118049B4854}
	EndGlobalSection
EndGlobal
